// !$*UTF8*$!
{
	archiveVersion = 1;
	classes = {
	};
	objectVersion = 56;
	objects = {

/* Begin PBXBuildFile section */
		01349EE22BB74A6B0002D82B /* MainNewsVC.swift in Sources */ = {isa = PBXBuildFile; fileRef = 01349EE12BB74A6B0002D82B /* MainNewsVC.swift */; };
		01349EE42BB74AAE0002D82B /* NewsVKVC.swift in Sources */ = {isa = PBXBuildFile; fileRef = 01349EE32BB74AAD0002D82B /* NewsVKVC.swift */; };
		01349EE62BB74AC40002D82B /* StorageVC.swift in Sources */ = {isa = PBXBuildFile; fileRef = 01349EE52BB74AC40002D82B /* StorageVC.swift */; };
		01349EE92BB751E30002D82B /* TabControllers.swift in Sources */ = {isa = PBXBuildFile; fileRef = 01349EE82BB751E30002D82B /* TabControllers.swift */; };
		01C73EAE2BB89B1E0009AF9E /* VKManager.swift in Sources */ = {isa = PBXBuildFile; fileRef = 01C73EAD2BB89B1E0009AF9E /* VKManager.swift */; };
		01C73EB02BB89B8A0009AF9E /* VKAuthViewController.swift in Sources */ = {isa = PBXBuildFile; fileRef = 01C73EAF2BB89B8A0009AF9E /* VKAuthViewController.swift */; };
		01C73EB22BB985BB0009AF9E /* NewsManager.swift in Sources */ = {isa = PBXBuildFile; fileRef = 01C73EB12BB985BB0009AF9E /* NewsManager.swift */; };
		01C73EB52BB986390009AF9E /* MainNews.swift in Sources */ = {isa = PBXBuildFile; fileRef = 01C73EB42BB986390009AF9E /* MainNews.swift */; };
		01C73EB82BB997CC0009AF9E /* MainNewsView.swift in Sources */ = {isa = PBXBuildFile; fileRef = 01C73EB72BB997CC0009AF9E /* MainNewsView.swift */; };
		01C73EBA2BB9A5BA0009AF9E /* NewsCell.swift in Sources */ = {isa = PBXBuildFile; fileRef = 01C73EB92BB9A5BA0009AF9E /* NewsCell.swift */; };
		99CA58332BB9DF14003E8B3A /* AuthManager.swift in Sources */ = {isa = PBXBuildFile; fileRef = 99CA58322BB9DF14003E8B3A /* AuthManager.swift */; };
		D7BABFC72BB5B488003A2FB5 /* AppDelegate.swift in Sources */ = {isa = PBXBuildFile; fileRef = D7BABFC62BB5B488003A2FB5 /* AppDelegate.swift */; };
		D7BABFC92BB5B488003A2FB5 /* SceneDelegate.swift in Sources */ = {isa = PBXBuildFile; fileRef = D7BABFC82BB5B488003A2FB5 /* SceneDelegate.swift */; };
		D7BABFCB2BB5B488003A2FB5 /* StartViewContoller.swift in Sources */ = {isa = PBXBuildFile; fileRef = D7BABFCA2BB5B488003A2FB5 /* StartViewContoller.swift */; };
		D7BABFD12BB5B488003A2FB5 /* ProjectErrorNil_TEAM_B.xcdatamodeld in Sources */ = {isa = PBXBuildFile; fileRef = D7BABFCF2BB5B488003A2FB5 /* ProjectErrorNil_TEAM_B.xcdatamodeld */; };
		D7BABFD32BB5B489003A2FB5 /* Assets.xcassets in Resources */ = {isa = PBXBuildFile; fileRef = D7BABFD22BB5B489003A2FB5 /* Assets.xcassets */; };
		D7BABFD62BB5B489003A2FB5 /* LaunchScreen.storyboard in Resources */ = {isa = PBXBuildFile; fileRef = D7BABFD42BB5B489003A2FB5 /* LaunchScreen.storyboard */; };
/* End PBXBuildFile section */

/* Begin PBXFileReference section */
		01349EE12BB74A6B0002D82B /* MainNewsVC.swift */ = {isa = PBXFileReference; lastKnownFileType = sourcecode.swift; path = MainNewsVC.swift; sourceTree = "<group>"; };
		01349EE32BB74AAD0002D82B /* NewsVKVC.swift */ = {isa = PBXFileReference; lastKnownFileType = sourcecode.swift; path = NewsVKVC.swift; sourceTree = "<group>"; };
		01349EE52BB74AC40002D82B /* StorageVC.swift */ = {isa = PBXFileReference; lastKnownFileType = sourcecode.swift; path = StorageVC.swift; sourceTree = "<group>"; };
		01349EE82BB751E30002D82B /* TabControllers.swift */ = {isa = PBXFileReference; lastKnownFileType = sourcecode.swift; path = TabControllers.swift; sourceTree = "<group>"; };
		01C73EAD2BB89B1E0009AF9E /* VKManager.swift */ = {isa = PBXFileReference; lastKnownFileType = sourcecode.swift; path = VKManager.swift; sourceTree = "<group>"; };
		01C73EAF2BB89B8A0009AF9E /* VKAuthViewController.swift */ = {isa = PBXFileReference; lastKnownFileType = sourcecode.swift; path = VKAuthViewController.swift; sourceTree = "<group>"; };
		01C73EB12BB985BB0009AF9E /* NewsManager.swift */ = {isa = PBXFileReference; lastKnownFileType = sourcecode.swift; path = NewsManager.swift; sourceTree = "<group>"; };
		01C73EB42BB986390009AF9E /* MainNews.swift */ = {isa = PBXFileReference; lastKnownFileType = sourcecode.swift; path = MainNews.swift; sourceTree = "<group>"; };
		01C73EB72BB997CC0009AF9E /* MainNewsView.swift */ = {isa = PBXFileReference; lastKnownFileType = sourcecode.swift; path = MainNewsView.swift; sourceTree = "<group>"; };
		01C73EB92BB9A5BA0009AF9E /* NewsCell.swift */ = {isa = PBXFileReference; lastKnownFileType = sourcecode.swift; path = NewsCell.swift; sourceTree = "<group>"; };
		99CA58322BB9DF14003E8B3A /* AuthManager.swift */ = {isa = PBXFileReference; lastKnownFileType = sourcecode.swift; path = AuthManager.swift; sourceTree = "<group>"; };
		D7BABFC32BB5B488003A2FB5 /* ProjectErrorNil_TEAM_B.app */ = {isa = PBXFileReference; explicitFileType = wrapper.application; includeInIndex = 0; path = ProjectErrorNil_TEAM_B.app; sourceTree = BUILT_PRODUCTS_DIR; };
		D7BABFC62BB5B488003A2FB5 /* AppDelegate.swift */ = {isa = PBXFileReference; lastKnownFileType = sourcecode.swift; path = AppDelegate.swift; sourceTree = "<group>"; };
		D7BABFC82BB5B488003A2FB5 /* SceneDelegate.swift */ = {isa = PBXFileReference; lastKnownFileType = sourcecode.swift; path = SceneDelegate.swift; sourceTree = "<group>"; };
		D7BABFCA2BB5B488003A2FB5 /* StartViewContoller.swift */ = {isa = PBXFileReference; lastKnownFileType = sourcecode.swift; path = StartViewContoller.swift; sourceTree = "<group>"; };
		D7BABFD02BB5B488003A2FB5 /* ProjectErrorNil_TEAM_B.xcdatamodel */ = {isa = PBXFileReference; lastKnownFileType = wrapper.xcdatamodel; path = ProjectErrorNil_TEAM_B.xcdatamodel; sourceTree = "<group>"; };
		D7BABFD22BB5B489003A2FB5 /* Assets.xcassets */ = {isa = PBXFileReference; lastKnownFileType = folder.assetcatalog; path = Assets.xcassets; sourceTree = "<group>"; };
		D7BABFD52BB5B489003A2FB5 /* Base */ = {isa = PBXFileReference; lastKnownFileType = file.storyboard; name = Base; path = Base.lproj/LaunchScreen.storyboard; sourceTree = "<group>"; };
		D7BABFD72BB5B489003A2FB5 /* Info.plist */ = {isa = PBXFileReference; lastKnownFileType = text.plist.xml; path = Info.plist; sourceTree = "<group>"; };
/* End PBXFileReference section */

/* Begin PBXFrameworksBuildPhase section */
		D7BABFC02BB5B488003A2FB5 /* Frameworks */ = {
			isa = PBXFrameworksBuildPhase;
			buildActionMask = 2147483647;
			files = (
			);
			runOnlyForDeploymentPostprocessing = 0;
		};
/* End PBXFrameworksBuildPhase section */

/* Begin PBXGroup section */
		01C73EB32BB985F40009AF9E /* Models */ = {
			isa = PBXGroup;
			children = (
				01C73EB42BB986390009AF9E /* MainNews.swift */,
			);
			path = Models;
			sourceTree = "<group>";
		};
		01C73EB62BB987F60009AF9E /* Views */ = {
			isa = PBXGroup;
			children = (
				01C73EB72BB997CC0009AF9E /* MainNewsView.swift */,
				01C73EB92BB9A5BA0009AF9E /* NewsCell.swift */,
			);
			path = Views;
			sourceTree = "<group>";
		};
		D704FF842BB73FCE008F612D /* Controllers */ = {
			isa = PBXGroup;
			children = (
				D7BABFCA2BB5B488003A2FB5 /* StartViewContoller.swift */,
				01C73EAF2BB89B8A0009AF9E /* VKAuthViewController.swift */,
				01349EE82BB751E30002D82B /* TabControllers.swift */,
				01349EE12BB74A6B0002D82B /* MainNewsVC.swift */,
				01349EE52BB74AC40002D82B /* StorageVC.swift */,
				01349EE32BB74AAD0002D82B /* NewsVKVC.swift */,
				99CA58322BB9DF14003E8B3A /* AuthManager.swift */,
			);
			path = Controllers;
			sourceTree = "<group>";
		};
		D704FF852BB73FE0008F612D /* Managers */ = {
			isa = PBXGroup;
			children = (
				01C73EAD2BB89B1E0009AF9E /* VKManager.swift */,
				01C73EB12BB985BB0009AF9E /* NewsManager.swift */,
			);
			path = Managers;
			sourceTree = "<group>";
		};
		D704FF862BB73FEB008F612D /* Delegates */ = {
			isa = PBXGroup;
			children = (
				D7BABFC62BB5B488003A2FB5 /* AppDelegate.swift */,
				D7BABFC82BB5B488003A2FB5 /* SceneDelegate.swift */,
			);
			path = Delegates;
			sourceTree = "<group>";
		};
		D7BABFBA2BB5B488003A2FB5 = {
			isa = PBXGroup;
			children = (
				D7BABFC52BB5B488003A2FB5 /* ProjectErrorNil_TEAM_B */,
				D7BABFC42BB5B488003A2FB5 /* Products */,
			);
			sourceTree = "<group>";
		};
		D7BABFC42BB5B488003A2FB5 /* Products */ = {
			isa = PBXGroup;
			children = (
				D7BABFC32BB5B488003A2FB5 /* ProjectErrorNil_TEAM_B.app */,
			);
			name = Products;
			sourceTree = "<group>";
		};
		D7BABFC52BB5B488003A2FB5 /* ProjectErrorNil_TEAM_B */ = {
			isa = PBXGroup;
			children = (
				01C73EB62BB987F60009AF9E /* Views */,
				01C73EB32BB985F40009AF9E /* Models */,
				D704FF862BB73FEB008F612D /* Delegates */,
				D704FF842BB73FCE008F612D /* Controllers */,
				D704FF852BB73FE0008F612D /* Managers */,
				D7BABFD22BB5B489003A2FB5 /* Assets.xcassets */,
				D7BABFD42BB5B489003A2FB5 /* LaunchScreen.storyboard */,
				D7BABFD72BB5B489003A2FB5 /* Info.plist */,
				D7BABFCF2BB5B488003A2FB5 /* ProjectErrorNil_TEAM_B.xcdatamodeld */,
			);
			path = ProjectErrorNil_TEAM_B;
			sourceTree = "<group>";
		};
/* End PBXGroup section */

/* Begin PBXNativeTarget section */
		D7BABFC22BB5B488003A2FB5 /* ProjectErrorNil_TEAM_B */ = {
			isa = PBXNativeTarget;
			buildConfigurationList = D7BABFDA2BB5B489003A2FB5 /* Build configuration list for PBXNativeTarget "ProjectErrorNil_TEAM_B" */;
			buildPhases = (
				D7BABFBF2BB5B488003A2FB5 /* Sources */,
				D7BABFC02BB5B488003A2FB5 /* Frameworks */,
				D7BABFC12BB5B488003A2FB5 /* Resources */,
			);
			buildRules = (
			);
			dependencies = (
			);
			name = ProjectErrorNil_TEAM_B;
			productName = ProjectErrorNil_TEAM_B;
			productReference = D7BABFC32BB5B488003A2FB5 /* ProjectErrorNil_TEAM_B.app */;
			productType = "com.apple.product-type.application";
		};
/* End PBXNativeTarget section */

/* Begin PBXProject section */
		D7BABFBB2BB5B488003A2FB5 /* Project object */ = {
			isa = PBXProject;
			attributes = {
				BuildIndependentTargetsInParallel = 1;
				LastSwiftUpdateCheck = 1500;
				LastUpgradeCheck = 1500;
				TargetAttributes = {
					D7BABFC22BB5B488003A2FB5 = {
						CreatedOnToolsVersion = 15.0;
					};
				};
			};
			buildConfigurationList = D7BABFBE2BB5B488003A2FB5 /* Build configuration list for PBXProject "ProjectErrorNil_TEAM_B" */;
			compatibilityVersion = "Xcode 14.0";
			developmentRegion = en;
			hasScannedForEncodings = 0;
			knownRegions = (
				en,
				Base,
			);
			mainGroup = D7BABFBA2BB5B488003A2FB5;
			productRefGroup = D7BABFC42BB5B488003A2FB5 /* Products */;
			projectDirPath = "";
			projectRoot = "";
			targets = (
				D7BABFC22BB5B488003A2FB5 /* ProjectErrorNil_TEAM_B */,
			);
		};
/* End PBXProject section */

/* Begin PBXResourcesBuildPhase section */
		D7BABFC12BB5B488003A2FB5 /* Resources */ = {
			isa = PBXResourcesBuildPhase;
			buildActionMask = 2147483647;
			files = (
				D7BABFD62BB5B489003A2FB5 /* LaunchScreen.storyboard in Resources */,
				D7BABFD32BB5B489003A2FB5 /* Assets.xcassets in Resources */,
			);
			runOnlyForDeploymentPostprocessing = 0;
		};
/* End PBXResourcesBuildPhase section */

/* Begin PBXSourcesBuildPhase section */
		D7BABFBF2BB5B488003A2FB5 /* Sources */ = {
			isa = PBXSourcesBuildPhase;
			buildActionMask = 2147483647;
			files = (
				D7BABFC72BB5B488003A2FB5 /* AppDelegate.swift in Sources */,
				01C73EB02BB89B8A0009AF9E /* VKAuthViewController.swift in Sources */,
				01C73EB82BB997CC0009AF9E /* MainNewsView.swift in Sources */,
				01C73EB22BB985BB0009AF9E /* NewsManager.swift in Sources */,
				D7BABFCB2BB5B488003A2FB5 /* StartViewContoller.swift in Sources */,
				01349EE42BB74AAE0002D82B /* NewsVKVC.swift in Sources */,
				01C73EAE2BB89B1E0009AF9E /* VKManager.swift in Sources */,
				01C73EB52BB986390009AF9E /* MainNews.swift in Sources */,
				01349EE62BB74AC40002D82B /* StorageVC.swift in Sources */,
				01349EE22BB74A6B0002D82B /* MainNewsVC.swift in Sources */,
				01C73EBA2BB9A5BA0009AF9E /* NewsCell.swift in Sources */,
				01349EE92BB751E30002D82B /* TabControllers.swift in Sources */,
				99CA58332BB9DF14003E8B3A /* AuthManager.swift in Sources */,
				D7BABFD12BB5B488003A2FB5 /* ProjectErrorNil_TEAM_B.xcdatamodeld in Sources */,
				D7BABFC92BB5B488003A2FB5 /* SceneDelegate.swift in Sources */,
			);
			runOnlyForDeploymentPostprocessing = 0;
		};
/* End PBXSourcesBuildPhase section */

/* Begin PBXVariantGroup section */
		D7BABFD42BB5B489003A2FB5 /* LaunchScreen.storyboard */ = {
			isa = PBXVariantGroup;
			children = (
				D7BABFD52BB5B489003A2FB5 /* Base */,
			);
			name = LaunchScreen.storyboard;
			sourceTree = "<group>";
		};
/* End PBXVariantGroup section */

/* Begin XCBuildConfiguration section */
		D7BABFD82BB5B489003A2FB5 /* Debug */ = {
			isa = XCBuildConfiguration;
			buildSettings = {
				ALWAYS_SEARCH_USER_PATHS = NO;
				ASSETCATALOG_COMPILER_GENERATE_SWIFT_ASSET_SYMBOL_EXTENSIONS = YES;
				CLANG_ANALYZER_NONNULL = YES;
				CLANG_ANALYZER_NUMBER_OBJECT_CONVERSION = YES_AGGRESSIVE;
				CLANG_CXX_LANGUAGE_STANDARD = "gnu++20";
				CLANG_ENABLE_MODULES = YES;
				CLANG_ENABLE_OBJC_ARC = YES;
				CLANG_ENABLE_OBJC_WEAK = YES;
				CLANG_WARN_BLOCK_CAPTURE_AUTORELEASING = YES;
				CLANG_WARN_BOOL_CONVERSION = YES;
				CLANG_WARN_COMMA = YES;
				CLANG_WARN_CONSTANT_CONVERSION = YES;
				CLANG_WARN_DEPRECATED_OBJC_IMPLEMENTATIONS = YES;
				CLANG_WARN_DIRECT_OBJC_ISA_USAGE = YES_ERROR;
				CLANG_WARN_DOCUMENTATION_COMMENTS = YES;
				CLANG_WARN_EMPTY_BODY = YES;
				CLANG_WARN_ENUM_CONVERSION = YES;
				CLANG_WARN_INFINITE_RECURSION = YES;
				CLANG_WARN_INT_CONVERSION = YES;
				CLANG_WARN_NON_LITERAL_NULL_CONVERSION = YES;
				CLANG_WARN_OBJC_IMPLICIT_RETAIN_SELF = YES;
				CLANG_WARN_OBJC_LITERAL_CONVERSION = YES;
				CLANG_WARN_OBJC_ROOT_CLASS = YES_ERROR;
				CLANG_WARN_QUOTED_INCLUDE_IN_FRAMEWORK_HEADER = YES;
				CLANG_WARN_RANGE_LOOP_ANALYSIS = YES;
				CLANG_WARN_STRICT_PROTOTYPES = YES;
				CLANG_WARN_SUSPICIOUS_MOVE = YES;
				CLANG_WARN_UNGUARDED_AVAILABILITY = YES_AGGRESSIVE;
				CLANG_WARN_UNREACHABLE_CODE = YES;
				CLANG_WARN__DUPLICATE_METHOD_MATCH = YES;
				COPY_PHASE_STRIP = NO;
				DEBUG_INFORMATION_FORMAT = dwarf;
				ENABLE_STRICT_OBJC_MSGSEND = YES;
				ENABLE_TESTABILITY = YES;
				ENABLE_USER_SCRIPT_SANDBOXING = YES;
				GCC_C_LANGUAGE_STANDARD = gnu17;
				GCC_DYNAMIC_NO_PIC = NO;
				GCC_NO_COMMON_BLOCKS = YES;
				GCC_OPTIMIZATION_LEVEL = 0;
				GCC_PREPROCESSOR_DEFINITIONS = (
					"DEBUG=1",
					"$(inherited)",
				);
				GCC_WARN_64_TO_32_BIT_CONVERSION = YES;
				GCC_WARN_ABOUT_RETURN_TYPE = YES_ERROR;
				GCC_WARN_UNDECLARED_SELECTOR = YES;
				GCC_WARN_UNINITIALIZED_AUTOS = YES_AGGRESSIVE;
				GCC_WARN_UNUSED_FUNCTION = YES;
				GCC_WARN_UNUSED_VARIABLE = YES;
				IPHONEOS_DEPLOYMENT_TARGET = 17.0;
				LOCALIZATION_PREFERS_STRING_CATALOGS = YES;
				MTL_ENABLE_DEBUG_INFO = INCLUDE_SOURCE;
				MTL_FAST_MATH = YES;
				ONLY_ACTIVE_ARCH = YES;
				SDKROOT = iphoneos;
				SWIFT_ACTIVE_COMPILATION_CONDITIONS = "DEBUG $(inherited)";
				SWIFT_OPTIMIZATION_LEVEL = "-Onone";
			};
			name = Debug;
		};
		D7BABFD92BB5B489003A2FB5 /* Release */ = {
			isa = XCBuildConfiguration;
			buildSettings = {
				ALWAYS_SEARCH_USER_PATHS = NO;
				ASSETCATALOG_COMPILER_GENERATE_SWIFT_ASSET_SYMBOL_EXTENSIONS = YES;
				CLANG_ANALYZER_NONNULL = YES;
				CLANG_ANALYZER_NUMBER_OBJECT_CONVERSION = YES_AGGRESSIVE;
				CLANG_CXX_LANGUAGE_STANDARD = "gnu++20";
				CLANG_ENABLE_MODULES = YES;
				CLANG_ENABLE_OBJC_ARC = YES;
				CLANG_ENABLE_OBJC_WEAK = YES;
				CLANG_WARN_BLOCK_CAPTURE_AUTORELEASING = YES;
				CLANG_WARN_BOOL_CONVERSION = YES;
				CLANG_WARN_COMMA = YES;
				CLANG_WARN_CONSTANT_CONVERSION = YES;
				CLANG_WARN_DEPRECATED_OBJC_IMPLEMENTATIONS = YES;
				CLANG_WARN_DIRECT_OBJC_ISA_USAGE = YES_ERROR;
				CLANG_WARN_DOCUMENTATION_COMMENTS = YES;
				CLANG_WARN_EMPTY_BODY = YES;
				CLANG_WARN_ENUM_CONVERSION = YES;
				CLANG_WARN_INFINITE_RECURSION = YES;
				CLANG_WARN_INT_CONVERSION = YES;
				CLANG_WARN_NON_LITERAL_NULL_CONVERSION = YES;
				CLANG_WARN_OBJC_IMPLICIT_RETAIN_SELF = YES;
				CLANG_WARN_OBJC_LITERAL_CONVERSION = YES;
				CLANG_WARN_OBJC_ROOT_CLASS = YES_ERROR;
				CLANG_WARN_QUOTED_INCLUDE_IN_FRAMEWORK_HEADER = YES;
				CLANG_WARN_RANGE_LOOP_ANALYSIS = YES;
				CLANG_WARN_STRICT_PROTOTYPES = YES;
				CLANG_WARN_SUSPICIOUS_MOVE = YES;
				CLANG_WARN_UNGUARDED_AVAILABILITY = YES_AGGRESSIVE;
				CLANG_WARN_UNREACHABLE_CODE = YES;
				CLANG_WARN__DUPLICATE_METHOD_MATCH = YES;
				COPY_PHASE_STRIP = NO;
				DEBUG_INFORMATION_FORMAT = "dwarf-with-dsym";
				ENABLE_NS_ASSERTIONS = NO;
				ENABLE_STRICT_OBJC_MSGSEND = YES;
				ENABLE_USER_SCRIPT_SANDBOXING = YES;
				GCC_C_LANGUAGE_STANDARD = gnu17;
				GCC_NO_COMMON_BLOCKS = YES;
				GCC_WARN_64_TO_32_BIT_CONVERSION = YES;
				GCC_WARN_ABOUT_RETURN_TYPE = YES_ERROR;
				GCC_WARN_UNDECLARED_SELECTOR = YES;
				GCC_WARN_UNINITIALIZED_AUTOS = YES_AGGRESSIVE;
				GCC_WARN_UNUSED_FUNCTION = YES;
				GCC_WARN_UNUSED_VARIABLE = YES;
				IPHONEOS_DEPLOYMENT_TARGET = 17.0;
				LOCALIZATION_PREFERS_STRING_CATALOGS = YES;
				MTL_ENABLE_DEBUG_INFO = NO;
				MTL_FAST_MATH = YES;
				SDKROOT = iphoneos;
				SWIFT_COMPILATION_MODE = wholemodule;
				VALIDATE_PRODUCT = YES;
			};
			name = Release;
		};
		D7BABFDB2BB5B489003A2FB5 /* Debug */ = {
			isa = XCBuildConfiguration;
			buildSettings = {
				ASSETCATALOG_COMPILER_APPICON_NAME = AppIcon;
				ASSETCATALOG_COMPILER_GLOBAL_ACCENT_COLOR_NAME = AccentColor;
				CODE_SIGN_STYLE = Automatic;
				CURRENT_PROJECT_VERSION = 1;
				DEVELOPMENT_TEAM = "";
				GENERATE_INFOPLIST_FILE = YES;
				INFOPLIST_FILE = ProjectErrorNil_TEAM_B/Info.plist;
				INFOPLIST_KEY_UIApplicationSupportsIndirectInputEvents = YES;
				INFOPLIST_KEY_UILaunchStoryboardName = LaunchScreen;
				INFOPLIST_KEY_UISupportedInterfaceOrientations_iPad = "UIInterfaceOrientationPortrait UIInterfaceOrientationPortraitUpsideDown UIInterfaceOrientationLandscapeLeft UIInterfaceOrientationLandscapeRight";
				INFOPLIST_KEY_UISupportedInterfaceOrientations_iPhone = "UIInterfaceOrientationPortrait UIInterfaceOrientationLandscapeLeft UIInterfaceOrientationLandscapeRight";
				IPHONEOS_DEPLOYMENT_TARGET = 16.4;
				LD_RUNPATH_SEARCH_PATHS = (
					"$(inherited)",
					"@executable_path/Frameworks",
				);
				MARKETING_VERSION = 1.0;
				PRODUCT_BUNDLE_IDENTIFIER = "Dev.ProjectErrorNil-TEAM-B";
				PRODUCT_NAME = "$(TARGET_NAME)";
				SWIFT_EMIT_LOC_STRINGS = YES;
				SWIFT_VERSION = 5.0;
				TARGETED_DEVICE_FAMILY = "1,2";
			};
			name = Debug;
		};
		D7BABFDC2BB5B489003A2FB5 /* Release */ = {
			isa = XCBuildConfiguration;
			buildSettings = {
				ASSETCATALOG_COMPILER_APPICON_NAME = AppIcon;
				ASSETCATALOG_COMPILER_GLOBAL_ACCENT_COLOR_NAME = AccentColor;
				CODE_SIGN_STYLE = Automatic;
				CURRENT_PROJECT_VERSION = 1;
				DEVELOPMENT_TEAM = "";
				GENERATE_INFOPLIST_FILE = YES;
				INFOPLIST_FILE = ProjectErrorNil_TEAM_B/Info.plist;
				INFOPLIST_KEY_UIApplicationSupportsIndirectInputEvents = YES;
				INFOPLIST_KEY_UILaunchStoryboardName = LaunchScreen;
				INFOPLIST_KEY_UISupportedInterfaceOrientations_iPad = "UIInterfaceOrientationPortrait UIInterfaceOrientationPortraitUpsideDown UIInterfaceOrientationLandscapeLeft UIInterfaceOrientationLandscapeRight";
				INFOPLIST_KEY_UISupportedInterfaceOrientations_iPhone = "UIInterfaceOrientationPortrait UIInterfaceOrientationLandscapeLeft UIInterfaceOrientationLandscapeRight";
				IPHONEOS_DEPLOYMENT_TARGET = 16.4;
				LD_RUNPATH_SEARCH_PATHS = (
					"$(inherited)",
					"@executable_path/Frameworks",
				);
				MARKETING_VERSION = 1.0;
				PRODUCT_BUNDLE_IDENTIFIER = "Dev.ProjectErrorNil-TEAM-B";
				PRODUCT_NAME = "$(TARGET_NAME)";
				SWIFT_EMIT_LOC_STRINGS = YES;
				SWIFT_VERSION = 5.0;
				TARGETED_DEVICE_FAMILY = "1,2";
			};
			name = Release;
		};
/* End XCBuildConfiguration section */

/* Begin XCConfigurationList section */
		D7BABFBE2BB5B488003A2FB5 /* Build configuration list for PBXProject "ProjectErrorNil_TEAM_B" */ = {
			isa = XCConfigurationList;
			buildConfigurations = (
				D7BABFD82BB5B489003A2FB5 /* Debug */,
				D7BABFD92BB5B489003A2FB5 /* Release */,
			);
			defaultConfigurationIsVisible = 0;
			defaultConfigurationName = Release;
		};
		D7BABFDA2BB5B489003A2FB5 /* Build configuration list for PBXNativeTarget "ProjectErrorNil_TEAM_B" */ = {
			isa = XCConfigurationList;
			buildConfigurations = (
				D7BABFDB2BB5B489003A2FB5 /* Debug */,
				D7BABFDC2BB5B489003A2FB5 /* Release */,
			);
			defaultConfigurationIsVisible = 0;
			defaultConfigurationName = Release;
		};
/* End XCConfigurationList section */

/* Begin XCVersionGroup section */
		D7BABFCF2BB5B488003A2FB5 /* ProjectErrorNil_TEAM_B.xcdatamodeld */ = {
			isa = XCVersionGroup;
			children = (
				D7BABFD02BB5B488003A2FB5 /* ProjectErrorNil_TEAM_B.xcdatamodel */,
			);
			currentVersion = D7BABFD02BB5B488003A2FB5 /* ProjectErrorNil_TEAM_B.xcdatamodel */;
			path = ProjectErrorNil_TEAM_B.xcdatamodeld;
			sourceTree = "<group>";
			versionGroupType = wrapper.xcdatamodel;
		};
/* End XCVersionGroup section */
	};
	rootObject = D7BABFBB2BB5B488003A2FB5 /* Project object */;
}
